
Microsoft Visual Studio Solution File, Format Version 11.00
# Visual C# Express 2010
Project("{FAE04EC0-301F-11D3-BF4B-00C04F79EFBC}") = "fomeいっぱい", "fomeいっぱい\fomeいっぱい.csproj", "{D6D2B331-0763-4F73-8435-19D8DA9542FB}"
EndProject
Global
	GlobalSection(SolutionConfigurationPlatforms) = preSolution
		Debug|x86 = Debug|x86
		Release|x86 = Release|x86
	EndGlobalSection
	GlobalSection(ProjectConfigurationPlatforms) = postSolution
		{D6D2B331-0763-4F73-8435-19D8DA9542FB}.Debug|x86.ActiveCfg = Debug|x86
		{D6D2B331-0763-4F73-8435-19D8DA9542FB}.Debug|x86.Build.0 = Debug|x86
		{D6D2B331-0763-4F73-8435-19D8DA9542FB}.Release|x86.ActiveCfg = Release|x86
		{D6D2B331-0763-4F73-8435-19D8DA9542FB}.Release|x86.Build.0 = Release|x86
	EndGlobalSection
	GlobalSection(SolutionProperties) = preSolution
		HideSolutionNode = FALSE
	EndGlobalSection
EndGlobal
